
Microsoft Visual Studio Solution File, Format Version 12.00
# Visual Studio Version 17
VisualStudioVersion = 17.8.34330.188
MinimumVisualStudioVersion = 10.0.40219.1
Project("{FAE04EC0-301F-11D3-BF4B-00C04F79EFBC}") = "ReactApp1.Server", "ReactApp1.Server\ReactApp1.Server.csproj", "{E43E5D68-2DF3-4BCE-9A65-98923C432FEE}"
EndProject
Project("{54A90642-561A-4BB1-A94E-469ADEE60C69}") = "reactapp1.client", "reactapp1.client\reactapp1.client.esproj", "{9FF4A22F-7D3F-47E6-B199-E4970492BE2A}"
EndProject
Global
	GlobalSection(SolutionConfigurationPlatforms) = preSolution
		Debug|Any CPU = Debug|Any CPU
		Release|Any CPU = Release|Any CPU
	EndGlobalSection
	GlobalSection(ProjectConfigurationPlatforms) = postSolution
		{E43E5D68-2DF3-4BCE-9A65-98923C432FEE}.Debug|Any CPU.ActiveCfg = Debug|Any CPU
		{E43E5D68-2DF3-4BCE-9A65-98923C432FEE}.Debug|Any CPU.Build.0 = Debug|Any CPU
		{E43E5D68-2DF3-4BCE-9A65-98923C432FEE}.Release|Any CPU.ActiveCfg = Release|Any CPU
		{E43E5D68-2DF3-4BCE-9A65-98923C432FEE}.Release|Any CPU.Build.0 = Release|Any CPU
		{9FF4A22F-7D3F-47E6-B199-E4970492BE2A}.Debug|Any CPU.ActiveCfg = Debug|Any CPU
		{9FF4A22F-7D3F-47E6-B199-E4970492BE2A}.Debug|Any CPU.Build.0 = Debug|Any CPU
		{9FF4A22F-7D3F-47E6-B199-E4970492BE2A}.Debug|Any CPU.Deploy.0 = Debug|Any CPU
		{9FF4A22F-7D3F-47E6-B199-E4970492BE2A}.Release|Any CPU.ActiveCfg = Release|Any CPU
		{9FF4A22F-7D3F-47E6-B199-E4970492BE2A}.Release|Any CPU.Build.0 = Release|Any CPU
		{9FF4A22F-7D3F-47E6-B199-E4970492BE2A}.Release|Any CPU.Deploy.0 = Release|Any CPU
	EndGlobalSection
	GlobalSection(SolutionProperties) = preSolution
		HideSolutionNode = FALSE
	EndGlobalSection
	GlobalSection(ExtensibilityGlobals) = postSolution
		SolutionGuid = {935ABC51-9568-476A-94DF-9DAFBA3AE7AF}
	EndGlobalSection
EndGlobal
